# THIS IS AN AUTOGENERATED FILE. DO NOT EDIT THIS FILE DIRECTLY.
# yarn lockfile v1


ajv@^4.9.1:
  version "4.11.8"
  resolved "https://registry.yarnpkg.com/ajv/-/ajv-4.11.8.tgz#82ffb02b29e662ae53bdc20af15947706739c536"
  integrity sha1-gv+wKynmYq5TvcIK8VlHcGc5xTY=
  dependencies:
    co "^4.6.0"
    json-stable-stringify "^1.0.1"

asn1@~0.2.3:
  version "0.2.3"
  resolved "https://registry.yarnpkg.com/asn1/-/asn1-0.2.3.tgz#dac8787713c9966849fc8180777ebe9c1ddf3b86"
  integrity sha1-2sh4dxPJlmhJ/IGAd36+nB3fO4Y=

assert-plus@1.0.0, assert-plus@^1.0.0:
  version "1.0.0"
  resolved "https://registry.yarnpkg.com/assert-plus/-/assert-plus-1.0.0.tgz#f12e0f3c5d77b0b1cdd9146942e4e96c1e4dd525"
  integrity sha1-8S4PPF13sLHN2RRpQuTpbB5N1SU=

assert-plus@^0.2.0:
  version "0.2.0"
  resolved "https://registry.yarnpkg.com/assert-plus/-/assert-plus-0.2.0.tgz#d74e1b87e7affc0db8aadb7021f3fe48101ab234"
  integrity sha1-104bh+ev/A24qttwIfP+SBAasjQ=

async-kit@^2.2.3:
  version "2.2.3"
  resolved "https://registry.yarnpkg.com/async-kit/-/async-kit-2.2.3.tgz#264751a279ddc5f59b419638b805ae2c49858fb7"
  integrity sha1-JkdRonndxfWbQZY4uAWuLEmFj7c=
  dependencies:
    nextgen-events "^0.9.0"
    tree-kit "^0.5.26"

asynckit@^0.4.0:
  version "0.4.0"
  resolved "https://registry.yarnpkg.com/asynckit/-/asynckit-0.4.0.tgz#c79ed97f7f34cb8f2ba1bc9790bcc366474b4b79"
  integrity sha1-x57Zf380y48robyXkLzDZkdLS3k=

aws-sign2@~0.6.0:
  version "0.6.0"
  resolved "https://registry.yarnpkg.com/aws-sign2/-/aws-sign2-0.6.0.tgz#14342dd38dbcc94d0e5b87d763cd63612c0e794f"
  integrity sha1-FDQt0428yU0OW4fXY81jYSwOeU8=

aws4@^1.2.1:
  version "1.6.0"
  resolved "https://registry.yarnpkg.com/aws4/-/aws4-1.6.0.tgz#83ef5ca860b2b32e4a0deedee8c771b9db57471e"
  integrity sha1-g+9cqGCysy5KDe7e6MdxudtXRx4=

babylon@^6.15.0:
  version "6.18.0"
  resolved "https://registry.yarnpkg.com/babylon/-/babylon-6.18.0.tgz#af2f3b88fa6f5c1e4c634d1a0f8eac4f55b395e3"
  integrity sha512-q/UEjfGJ2Cm3oKV71DJz9d25TPnq5rhBVL2Q4fA5wcC3jcrdn7+SssEybFIxwAvvP+YCsCYNKughoF33GxgycQ==

bcrypt-pbkdf@^1.0.0:
  version "1.0.1"
  resolved "https://registry.yarnpkg.com/bcrypt-pbkdf/-/bcrypt-pbkdf-1.0.1.tgz#63bc5dcb61331b92bc05fd528953c33462a06f8d"
  integrity sha1-Y7xdy2EzG5K8Bf1SiVPDNGKgb40=
  dependencies:
    tweetnacl "^0.14.3"

bluebird@3.5.0, bluebird@^3.5.0:
  version "3.5.0"
  resolved "https://registry.yarnpkg.com/bluebird/-/bluebird-3.5.0.tgz#791420d7f551eea2897453a8a77653f96606d67c"
  integrity sha1-eRQg1/VR7qKJdFOop3ZT+WYG1nw=

boom@2.x.x:
  version "2.10.1"
  resolved "https://registry.yarnpkg.com/boom/-/boom-2.10.1.tgz#39c8918ceff5799f83f9492a848f625add0c766f"
  integrity sha1-OciRjO/1eZ+D+UkqhI9iWt0Mdm8=
  dependencies:
    hoek "2.x.x"

caseless@~0.12.0:
  version "0.12.0"
  resolved "https://registry.yarnpkg.com/caseless/-/caseless-0.12.0.tgz#1b681c21ff84033c826543090689420d187151dc"
  integrity sha1-G2gcIf+EAzyCZUMJBolCDRhxUdw=

co@^4.6.0:
  version "4.6.0"
  resolved "https://registry.yarnpkg.com/co/-/co-4.6.0.tgz#6ea6bdf3d853ae54ccb8e47bfa0bf3f9031fb184"
  integrity sha1-bqa989hTrlTMuOR7+gvz+QMfsYQ=

combined-stream@^1.0.5, combined-stream@~1.0.5:
  version "1.0.5"
  resolved "https://registry.yarnpkg.com/combined-stream/-/combined-stream-1.0.5.tgz#938370a57b4a51dea2c77c15d5c5fdf895164009"
  integrity sha1-k4NwpXtKUd6ix3wV1cX9+JUWQAk=
  dependencies:
    delayed-stream "~1.0.0"

concurrify@^1.0.0:
  version "1.0.1"
  resolved "https://registry.yarnpkg.com/concurrify/-/concurrify-1.0.1.tgz#1febe4b4615d4a86ee293a39713ffad5feb9681e"
  integrity sha1-H+vktGFdSobuKTo5cT/61f65aB4=
  dependencies:
    sanctuary-type-classes "^6.0.0"
    sanctuary-type-identifiers "^2.0.0"

core-util-is@1.0.2:
  version "1.0.2"
  resolved "https://registry.yarnpkg.com/core-util-is/-/core-util-is-1.0.2.tgz#b5fd54220aa2bc5ab57aab7140c940754503c1a7"
  integrity sha1-tf1UIgqivFq1eqtxQMlAdUUDwac=

cryptiles@2.x.x:
  version "2.0.5"
  resolved "https://registry.yarnpkg.com/cryptiles/-/cryptiles-2.0.5.tgz#3bdfecdc608147c1c67202fa291e7dca59eaa3b8"
  integrity sha1-O9/s3GCBR8HGcgL6KR59ylnqo7g=
  dependencies:
    boom "2.x.x"

cwise-compiler@^1.1.2:
  version "1.1.3"
  resolved "https://registry.yarnpkg.com/cwise-compiler/-/cwise-compiler-1.1.3.tgz#f4d667410e850d3a313a7d2db7b1e505bb034cc5"
  integrity sha1-9NZnQQ6FDToxOn0tt7HlBbsDTMU=
  dependencies:
    uniq "^1.0.0"

dashdash@^1.12.0:
  version "1.14.1"
  resolved "https://registry.yarnpkg.com/dashdash/-/dashdash-1.14.1.tgz#853cfa0f7cbe2fed5de20326b8dd581035f6e2f0"
  integrity sha1-hTz6D3y+L+1d4gMmuN1YEDX24vA=
  dependencies:
    assert-plus "^1.0.0"

data-uri-to-buffer@0.0.3:
  version "0.0.3"
  resolved "https://registry.yarnpkg.com/data-uri-to-buffer/-/data-uri-to-buffer-0.0.3.tgz#18ae979a6a0ca994b0625853916d2662bbae0b1a"
  integrity sha1-GK6XmmoMqZSwYlhTkW0mYruuCxo=

delayed-stream@~1.0.0:
  version "1.0.0"
  resolved "https://registry.yarnpkg.com/delayed-stream/-/delayed-stream-1.0.0.tgz#df3ae199acadfb7d440aaae0b29e2272b24ec619"
  integrity sha1-3zrhmayt+31ECqrgsp4icrJOxhk=

denque@^1.1.1:
  version "1.2.2"
  resolved "https://registry.yarnpkg.com/denque/-/denque-1.2.2.tgz#e06cf7cf0da8badc88cbdaabf8fc0a70d659f1d4"
  integrity sha512-x92Ql74lcTbGylXILO9Xf9S0cMpEPP04zVp2bB9e2C7G/n/Q1SgLl78RaSYEPSgpDX9uLgQXCEGAS5BI5dP3yA==

doc-path@1.0.8:
  version "1.0.8"
  resolved "https://registry.yarnpkg.com/doc-path/-/doc-path-1.0.8.tgz#88c9e994c07ccb040f85081a6e602e33e2eefc41"
  integrity sha1-iMnplMB8ywQPhQgabmAuM+Lu/EE=

ecc-jsbn@~0.1.1:
  version "0.1.1"
  resolved "https://registry.yarnpkg.com/ecc-jsbn/-/ecc-jsbn-0.1.1.tgz#0fc73a9ed5f0d53c38193398523ef7e543777505"
  integrity sha1-D8c6ntXw1Tw4GTOYUj735UN3dQU=
  dependencies:
    jsbn "~0.1.0"

extend@~3.0.0:
  version "3.0.1"
  resolved "https://registry.yarnpkg.com/extend/-/extend-3.0.1.tgz#a755ea7bc1adfcc5a31ce7e762dbaadc5e636444"
  integrity sha1-p1Xqe8Gt/MWjHOfnYtuq3F5jZEQ=

extsprintf@1.3.0, extsprintf@^1.2.0:
  version "1.3.0"
  resolved "https://registry.yarnpkg.com/extsprintf/-/extsprintf-1.3.0.tgz#96918440e3041a7a414f8c52e3c574eb3c3e1e05"
  integrity sha1-lpGEQOMEGnpBT4xS48V06zw+HgU=

flow-bin@^0.54.1:
  version "0.54.1"
  resolved "https://registry.yarnpkg.com/flow-bin/-/flow-bin-0.54.1.tgz#7101bcccf006dc0652714a8aef0c72078a760510"
  integrity sha1-cQG8zPAG3AZScUqK7wxyB4p2BRA=

flow-remove-types@^1.2.1:
  version "1.2.1"
  resolved "https://registry.yarnpkg.com/flow-remove-types/-/flow-remove-types-1.2.1.tgz#58e261bf8b842bd234c86cafb982a1213aff0edb"
  integrity sha1-WOJhv4uEK9I0yGyvuYKhITr/Dts=
  dependencies:
    babylon "^6.15.0"
    vlq "^0.2.1"

fluture@^7.1.2:
  version "7.1.2"
  resolved "https://registry.yarnpkg.com/fluture/-/fluture-7.1.2.tgz#19a109b1fa958a490e538f68be4c175e9c7a5c82"
  integrity sha512-3tvvUOS8pYYdHTrzM5tSgoKp1VkD9z6/qcqVpJG1LxC/vigMILj5WDGqkJPJeuDio+XzTKLbMMw/9gMrhXuXlg==
  dependencies:
    concurrify "^1.0.0"
    denque "^1.1.1"
    inspect-f "^1.2.0"
    sanctuary-type-classes "^6.0.0"
    sanctuary-type-identifiers "^2.0.0"

forever-agent@~0.6.1:
  version "0.6.1"
  resolved "https://registry.yarnpkg.com/forever-agent/-/forever-agent-0.6.1.tgz#fbc71f0c41adeb37f96c577ad1ed42d8fdacca91"
  integrity sha1-+8cfDEGt6zf5bFd60e1C2P2sypE=

form-data@~2.1.1:
  version "2.1.4"
  resolved "https://registry.yarnpkg.com/form-data/-/form-data-2.1.4.tgz#33c183acf193276ecaa98143a69e94bfee1750d1"
  integrity sha1-M8GDrPGTJ27KqYFDpp6Uv+4XUNE=
  dependencies:
    asynckit "^0.4.0"
    combined-stream "^1.0.5"
    mime-types "^2.1.12"

fs-extra@^4.0.1:
  version "4.0.1"
  resolved "https://registry.yarnpkg.com/fs-extra/-/fs-extra-4.0.1.tgz#7fc0c6c8957f983f57f306a24e5b9ddd8d0dd880"
  integrity sha1-f8DGyJV/mD9X8waiTlud3Y0N2IA=
  dependencies:
    graceful-fs "^4.1.2"
    jsonfile "^3.0.0"
    universalify "^0.1.0"

get-pixels@^3.3.0:
  version "3.3.0"
  resolved "https://registry.yarnpkg.com/get-pixels/-/get-pixels-3.3.0.tgz#8d9795beae18850b840f749581badc05d3e36e41"
  integrity sha1-jZeVvq4YhQuED3SVgbrcBdPjbkE=
  dependencies:
    data-uri-to-buffer "0.0.3"
    jpeg-js "^0.1.1"
    mime-types "^2.0.1"
    ndarray "^1.0.13"
    ndarray-pack "^1.1.1"
    node-bitmap "0.0.1"
    omggif "^1.0.5"
    parse-data-uri "^0.2.0"
    pngjs "^2.0.0"
    request "^2.44.0"
    through "^2.3.4"

getpass@^0.1.1:
  version "0.1.7"
  resolved "https://registry.yarnpkg.com/getpass/-/getpass-0.1.7.tgz#5eff8e3e684d569ae4cb2b1282604e8ba62149fa"
  integrity sha1-Xv+OPmhNVprkyysSgmBOi6YhSfo=
  dependencies:
    assert-plus "^1.0.0"

graceful-fs@^4.1.2, graceful-fs@^4.1.6:
  version "4.1.11"
  resolved "https://registry.yarnpkg.com/graceful-fs/-/graceful-fs-4.1.11.tgz#0e8bdfe4d1ddb8854d64e04ea7c00e2a026e5658"
  integrity sha1-Dovf5NHduIVNZOBOp8AOKgJuVlg=

har-schema@^1.0.5:
  version "1.0.5"
  resolved "https://registry.yarnpkg.com/har-schema/-/har-schema-1.0.5.tgz#d263135f43307c02c602afc8fe95970c0151369e"
  integrity sha1-0mMTX0MwfALGAq/I/pWXDAFRNp4=

har-validator@~4.2.1:
  version "4.2.1"
  resolved "https://registry.yarnpkg.com/har-validator/-/har-validator-4.2.1.tgz#33481d0f1bbff600dd203d75812a6a5fba002e2a"
  integrity sha1-M0gdDxu/9gDdID11gSpqX7oALio=
  dependencies:
    ajv "^4.9.1"
    har-schema "^1.0.5"

hawk@~3.1.3:
  version "3.1.3"
  resolved "https://registry.yarnpkg.com/hawk/-/hawk-3.1.3.tgz#078444bd7c1640b0fe540d2c9b73d59678e8e1c4"
  integrity sha1-B4REvXwWQLD+VA0sm3PVlnjo4cQ=
  dependencies:
    boom "2.x.x"
    cryptiles "2.x.x"
    hoek "2.x.x"
    sntp "1.x.x"

hoek@2.x.x:
  version "2.16.3"
  resolved "https://registry.yarnpkg.com/hoek/-/hoek-2.16.3.tgz#20bb7403d3cea398e91dc4710a8ff1b8274a25ed"
  integrity sha1-ILt0A9POo5jpHcRxCo/xuCdKJe0=

http-signature@~1.1.0:
  version "1.1.1"
  resolved "https://registry.yarnpkg.com/http-signature/-/http-signature-1.1.1.tgz#df72e267066cd0ac67fb76adf8e134a8fbcf91bf"
  integrity sha1-33LiZwZs0Kxn+3at+OE0qPvPkb8=
  dependencies:
    assert-plus "^0.2.0"
    jsprim "^1.2.2"
    sshpk "^1.7.0"

inspect-f@^1.2.0:
  version "1.2.1"
  resolved "https://registry.yarnpkg.com/inspect-f/-/inspect-f-1.2.1.tgz#117573b5df57a509de6fe401131d426bac1592b5"
  integrity sha1-EXVztd9XpQneb+QBEx1Ca6wVkrU=

iota-array@^1.0.0:
  version "1.0.0"
  resolved "https://registry.yarnpkg.com/iota-array/-/iota-array-1.0.0.tgz#81ef57fe5d05814cd58c2483632a99c30a0e8087"
  integrity sha1-ge9X/l0FgUzVjCSDYyqZwwoOgIc=

is-buffer@^1.0.2:
  version "1.1.5"
  resolved "https://registry.yarnpkg.com/is-buffer/-/is-buffer-1.1.5.tgz#1f3b26ef613b214b88cbca23cc6c01d87961eecc"
  integrity sha1-Hzsm72E7IUuIy8ojzGwB2Hlh7sw=

is-typedarray@~1.0.0:
  version "1.0.0"
  resolved "https://registry.yarnpkg.com/is-typedarray/-/is-typedarray-1.0.0.tgz#e479c80858df0c1b11ddda6940f96011fcda4a9a"
  integrity sha1-5HnICFjfDBsR3dppQPlgEfzaSpo=

isstream@~0.1.2:
  version "0.1.2"
  resolved "https://registry.yarnpkg.com/isstream/-/isstream-0.1.2.tgz#47e63f7af55afa6f92e1500e690eb8b8529c099a"
  integrity sha1-R+Y/evVa+m+S4VAOaQ64uFKcCZo=

jpeg-js@^0.1.1:
  version "0.1.2"
  resolved "https://registry.yarnpkg.com/jpeg-js/-/jpeg-js-0.1.2.tgz#135b992c0575c985cfa0f494a3227ed238583ece"
  integrity sha1-E1uZLAV1yYXPoPSUoyJ+0jhYPs4=

jsbn@~0.1.0:
  version "0.1.1"
  resolved "https://registry.yarnpkg.com/jsbn/-/jsbn-0.1.1.tgz#a5e654c2e5a2deb5f201d96cefbca80c0ef2f513"
  integrity sha1-peZUwuWi3rXyAdls77yoDA7y9RM=

json-2-csv@^2.1.1:
  version "2.1.1"
  resolved "https://registry.yarnpkg.com/json-2-csv/-/json-2-csv-2.1.1.tgz#c1481ec9a6acd3324037a8028c663853aacbb65e"
  integrity sha1-wUgeyaas0zJAN6gCjGY4U6rLtl4=
  dependencies:
    bluebird "3.5.0"
    doc-path "1.0.8"
    underscore "1.8.3"

json-schema@0.2.3:
  version "0.2.3"
  resolved "https://registry.yarnpkg.com/json-schema/-/json-schema-0.2.3.tgz#b480c892e59a2f05954ce727bd3f2a4e882f9e13"
  integrity sha1-tIDIkuWaLwWVTOcnvT8qTogvnhM=

json-stable-stringify@^1.0.1:
  version "1.0.1"
  resolved "https://registry.yarnpkg.com/json-stable-stringify/-/json-stable-stringify-1.0.1.tgz#9a759d39c5f2ff503fd5300646ed445f88c4f9af"
  integrity sha1-mnWdOcXy/1A/1TAGRu1EX4jE+a8=
  dependencies:
    jsonify "~0.0.0"

json-stringify-safe@~5.0.1:
  version "5.0.1"
  resolved "https://registry.yarnpkg.com/json-stringify-safe/-/json-stringify-safe-5.0.1.tgz#1296a2d58fd45f19a0f6ce01d65701e2c735b6eb"
  integrity sha1-Epai1Y/UXxmg9s4B1lcB4sc1tus=

jsonfile@^3.0.0:
  version "3.0.1"
  resolved "https://registry.yarnpkg.com/jsonfile/-/jsonfile-3.0.1.tgz#a5ecc6f65f53f662c4415c7675a0331d0992ec66"
  integrity sha1-pezG9l9T9mLEQVx2daAzHQmS7GY=
  optionalDependencies:
    graceful-fs "^4.1.6"

jsonify@~0.0.0:
  version "0.0.0"
  resolved "https://registry.yarnpkg.com/jsonify/-/jsonify-0.0.0.tgz#2c74b6ee41d93ca51b7b5aaee8f503631d252a73"
  integrity sha1-LHS27kHZPKUbe1qu6PUDYx0lKnM=

jsprim@^1.2.2:
  version "1.4.1"
  resolved "https://registry.yarnpkg.com/jsprim/-/jsprim-1.4.1.tgz#313e66bc1e5cc06e438bc1b7499c2e5c56acb6a2"
  integrity sha1-MT5mvB5cwG5Di8G3SZwuXFastqI=
  dependencies:
    assert-plus "1.0.0"
    extsprintf "1.3.0"
    json-schema "0.2.3"
    verror "1.10.0"

mime-db@~1.30.0:
  version "1.30.0"
  resolved "https://registry.yarnpkg.com/mime-db/-/mime-db-1.30.0.tgz#74c643da2dd9d6a45399963465b26d5ca7d71f01"
  integrity sha1-dMZD2i3Z1qRTmZY0ZbJtXKfXHwE=

mime-types@^2.0.1, mime-types@^2.1.12, mime-types@~2.1.7:
  version "2.1.17"
  resolved "https://registry.yarnpkg.com/mime-types/-/mime-types-2.1.17.tgz#09d7a393f03e995a79f8af857b70a9e0ab16557a"
  integrity sha1-Cdejk/A+mVp5+K+Fe3Cp4KsWVXo=
  dependencies:
    mime-db "~1.30.0"

monet@^0.8.10:
  version "0.8.10"
  resolved "https://registry.yarnpkg.com/monet/-/monet-0.8.10.tgz#af82af50591466f78baf97c053e2ffe5e9108224"
  integrity sha1-r4KvUFkUZveLr5fAU+L/5ekQgiQ=

ndarray-pack@^1.1.1:
  version "1.2.1"
  resolved "https://registry.yarnpkg.com/ndarray-pack/-/ndarray-pack-1.2.1.tgz#8caebeaaa24d5ecf70ff86020637977da8ee585a"
  integrity sha1-jK6+qqJNXs9w/4YCBjeXfajuWFo=
  dependencies:
    cwise-compiler "^1.1.2"
    ndarray "^1.0.13"

ndarray@^1.0.13, ndarray@^1.0.18:
  version "1.0.18"
  resolved "https://registry.yarnpkg.com/ndarray/-/ndarray-1.0.18.tgz#b60d3a73224ec555d0faa79711e502448fd3f793"
  integrity sha1-tg06cyJOxVXQ+qeXEeUCRI/T95M=
  dependencies:
    iota-array "^1.0.0"
    is-buffer "^1.0.2"

nextgen-events@^0.10.0:
  version "0.10.0"
  resolved "https://registry.yarnpkg.com/nextgen-events/-/nextgen-events-0.10.0.tgz#f47d4d20ec114bf99f48f8c49ae8d4ab6362eecd"
  integrity sha1-9H1NIOwRS/mfSPjEmujUq2Ni7s0=

nextgen-events@^0.9.0:
  version "0.9.9"
  resolved "https://registry.yarnpkg.com/nextgen-events/-/nextgen-events-0.9.9.tgz#39a8afc4a2b845388c57e2c6bb9716711986a3a0"
  integrity sha1-OaivxKK4RTiMV+LGu5cWcRmGo6A=

node-bitmap@0.0.1:
  version "0.0.1"
  resolved "https://registry.yarnpkg.com/node-bitmap/-/node-bitmap-0.0.1.tgz#180eac7003e0c707618ef31368f62f84b2a69091"
  integrity sha1-GA6scAPgxwdhjvMTaPYvhLKmkJE=

oauth-sign@~0.8.1:
  version "0.8.2"
  resolved "https://registry.yarnpkg.com/oauth-sign/-/oauth-sign-0.8.2.tgz#46a6ab7f0aead8deae9ec0565780b7d4efeb9d43"
  integrity sha1-Rqarfwrq2N6unsBWV4C31O/rnUM=

omggif@^1.0.5:
  version "1.0.8"
  resolved "https://registry.yarnpkg.com/omggif/-/omggif-1.0.8.tgz#178f37b2ab0b3d7b46ed3a0e46bd0790b58d3530"
  integrity sha1-F483sqsLPXtG7ToORr0HkLWNNTA=

parse-data-uri@^0.2.0:
  version "0.2.0"
  resolved "https://registry.yarnpkg.com/parse-data-uri/-/parse-data-uri-0.2.0.tgz#bf04d851dd5c87b0ab238e5d01ace494b604b4c9"
  integrity sha1-vwTYUd1ch7CrI45dAazklLYEtMk=
  dependencies:
    data-uri-to-buffer "0.0.3"

parsimmon@^1.6.2:
  version "1.6.2"
  resolved "https://registry.yarnpkg.com/parsimmon/-/parsimmon-1.6.2.tgz#28fbe6b8caa38ab89f52b77f8c7743563c7d9aff"
  integrity sha512-bJNB0ZQhHyM5KqO2Z5ttQAVn/PZ2pccxaOnMcZ0Su7HA1Iv4GQTfUmzSZ6N3jcsCn9F68PZcypAvF3nDRRL+3g==

performance-now@^0.2.0:
  version "0.2.0"
  resolved "https://registry.yarnpkg.com/performance-now/-/performance-now-0.2.0.tgz#33ef30c5c77d4ea21c5a53869d91b56d8f2555e5"
  integrity sha1-M+8wxcd9TqIcWlOGnZG1bY8lVeU=

pngjs@^2.0.0:
  version "2.3.1"
  resolved "https://registry.yarnpkg.com/pngjs/-/pngjs-2.3.1.tgz#11d1e12b9cb64d63e30c143a330f4c1f567da85f"
  integrity sha1-EdHhK5y2TWPjDBQ6Mw9MH1Z9qF8=

punycode@^1.4.1:
  version "1.4.1"
  resolved "https://registry.yarnpkg.com/punycode/-/punycode-1.4.1.tgz#c0d5a63b2718800ad8e1eb0fa5269c84dd41845e"
  integrity sha1-wNWmOycYgArY4esPpSachN1BhF4=

qs@~6.4.0:
  version "6.4.0"
  resolved "https://registry.yarnpkg.com/qs/-/qs-6.4.0.tgz#13e26d28ad6b0ffaa91312cd3bf708ed351e7233"
  integrity sha1-E+JtKK1rD/qpExLNO/cI7TUecjM=

ramda@^0.24.1:
  version "0.24.1"
  resolved "https://registry.yarnpkg.com/ramda/-/ramda-0.24.1.tgz#c3b7755197f35b8dc3502228262c4c91ddb6b857"
  integrity sha1-w7d1UZfzW43DUCIoJixMkd22uFc=

request@^2.44.0:
  version "2.81.0"
  resolved "https://registry.yarnpkg.com/request/-/request-2.81.0.tgz#c6928946a0e06c5f8d6f8a9333469ffda46298a0"
  integrity sha1-xpKJRqDgbF+Nb4qTM0af/aRimKA=
  dependencies:
    aws-sign2 "~0.6.0"
    aws4 "^1.2.1"
    caseless "~0.12.0"
    combined-stream "~1.0.5"
    extend "~3.0.0"
    forever-agent "~0.6.1"
    form-data "~2.1.1"
    har-validator "~4.2.1"
    hawk "~3.1.3"
    http-signature "~1.1.0"
    is-typedarray "~1.0.0"
    isstream "~0.1.2"
    json-stringify-safe "~5.0.1"
    mime-types "~2.1.7"
    oauth-sign "~0.8.1"
    performance-now "^0.2.0"
    qs "~6.4.0"
    safe-buffer "^5.0.1"
    stringstream "~0.0.4"
    tough-cookie "~2.3.0"
    tunnel-agent "^0.6.0"
    uuid "^3.0.0"

safe-buffer@^5.0.1:
  version "5.1.1"
  resolved "https://registry.yarnpkg.com/safe-buffer/-/safe-buffer-5.1.1.tgz#893312af69b2123def71f57889001671eeb2c853"
  integrity sha512-kKvNJn6Mm93gAczWVJg7wH+wGYWNrDHdWvpUmHyEsgCtIwwo3bqPtV4tR5tuPaUhTOo/kvhVwd8XwwOllGYkbg==

sanctuary-type-classes@^6.0.0:
  version "6.0.0"
  resolved "https://registry.yarnpkg.com/sanctuary-type-classes/-/sanctuary-type-classes-6.0.0.tgz#1db3f8c1247de018471e978fe4956a03eb62f464"
  integrity sha1-HbP4wSR94BhHHpeP5JVqA+ti9GQ=
  dependencies:
    sanctuary-type-identifiers "1.0.x"

sanctuary-type-identifiers@1.0.x:
  version "1.0.0"
  resolved "https://registry.yarnpkg.com/sanctuary-type-identifiers/-/sanctuary-type-identifiers-1.0.0.tgz#e8f359f006cb5e624cfb8464603fc114608bde9f"
  integrity sha1-6PNZ8AbLXmJM+4RkYD/BFGCL3p8=

sanctuary-type-identifiers@^2.0.0:
  version "2.0.1"
  resolved "https://registry.yarnpkg.com/sanctuary-type-identifiers/-/sanctuary-type-identifiers-2.0.1.tgz#fc524cf6dd92cebfcbb0dd9509eff193159a20ed"
  integrity sha1-/FJM9t2Szr/LsN2VCe/xkxWaIO0=

sntp@1.x.x:
  version "1.0.9"
  resolved "https://registry.yarnpkg.com/sntp/-/sntp-1.0.9.tgz#6541184cc90aeea6c6e7b35e2659082443c66198"
  integrity sha1-ZUEYTMkK7qbG57NeJlkIJEPGYZg=
  dependencies:
    hoek "2.x.x"

sshpk@^1.7.0:
  version "1.13.1"
  resolved "https://registry.yarnpkg.com/sshpk/-/sshpk-1.13.1.tgz#512df6da6287144316dc4c18fe1cf1d940739be3"
  integrity sha1-US322mKHFEMW3EwY/hzx2UBzm+M=
  dependencies:
    asn1 "~0.2.3"
    assert-plus "^1.0.0"
    dashdash "^1.12.0"
    getpass "^0.1.1"
  optionalDependencies:
    bcrypt-pbkdf "^1.0.0"
    ecc-jsbn "~0.1.1"
    jsbn "~0.1.0"
    tweetnacl "~0.14.0"

string-kit@^0.6.1:
  version "0.6.1"
  resolved "https://registry.yarnpkg.com/string-kit/-/string-kit-0.6.1.tgz#a58b1a080f427d9e941b91586323f1881b27d0e9"
  integrity sha512-TSdRAi2iLv8huO77ZXThDkOn9o7Y+XSLVeNzmh2Y/GG/wQFdOIsA8LPVph0YelRvsMKkTnLGd/U9Vrxofk5edQ==
  dependencies:
    xregexp "^3.2.0"

stringstream@~0.0.4:
  version "0.0.5"
  resolved "https://registry.yarnpkg.com/stringstream/-/stringstream-0.0.5.tgz#4e484cd4de5a0bbbee18e46307710a8a81621878"
  integrity sha1-TkhM1N5aC7vuGORjB3EKioFiGHg=

terminal-kit@^1.13.11:
  version "1.13.11"
  resolved "https://registry.yarnpkg.com/terminal-kit/-/terminal-kit-1.13.11.tgz#b65a684d7cfa31cd07330603cf5895dd537e6cf2"
  integrity sha512-LkMsBIvS/ePRfvJ2IOfWHDtPunneJ01xuKxPFL6SE5oza7mlPZ/b5wm+xP4/d0PeQAaBqXPjHn1DHG2jpbpQpQ==
  dependencies:
    async-kit "^2.2.3"
    get-pixels "^3.3.0"
    ndarray "^1.0.18"
    nextgen-events "^0.10.0"
    string-kit "^0.6.1"
    tree-kit "^0.5.26"

through@^2.3.4:
  version "2.3.8"
  resolved "https://registry.yarnpkg.com/through/-/through-2.3.8.tgz#0dd4c9ffaabc357960b1b724115d7e0e86a2e1f5"
  integrity sha1-DdTJ/6q8NXlgsbckEV1+Doai4fU=

tough-cookie@~2.3.0:
  version "2.3.2"
  resolved "https://registry.yarnpkg.com/tough-cookie/-/tough-cookie-2.3.2.tgz#f081f76e4c85720e6c37a5faced737150d84072a"
  integrity sha1-8IH3bkyFcg5sN6X6ztc3FQ2EByo=
  dependencies:
    punycode "^1.4.1"

tree-kit@^0.5.26:
  version "0.5.26"
  resolved "https://registry.yarnpkg.com/tree-kit/-/tree-kit-0.5.26.tgz#8571c86fa24d1db754e5b0cb3a7e09f41e74a8df"
  integrity sha1-hXHIb6JNHbdU5bDLOn4J9B50qN8=

tunnel-agent@^0.6.0:
  version "0.6.0"
  resolved "https://registry.yarnpkg.com/tunnel-agent/-/tunnel-agent-0.6.0.tgz#27a5dea06b36b04a0a9966774b290868f0fc40fd"
  integrity sha1-J6XeoGs2sEoKmWZ3SykIaPD8QP0=
  dependencies:
    safe-buffer "^5.0.1"

tweetnacl@^0.14.3, tweetnacl@~0.14.0:
  version "0.14.5"
  resolved "https://registry.yarnpkg.com/tweetnacl/-/tweetnacl-0.14.5.tgz#5ae68177f192d4456269d108afa93ff8743f4f64"
  integrity sha1-WuaBd/GS1EViadEIr6k/+HQ/T2Q=

underscore@1.8.3:
  version "1.8.3"
  resolved "https://registry.yarnpkg.com/underscore/-/underscore-1.8.3.tgz#4f3fb53b106e6097fcf9cb4109f2a5e9bdfa5022"
  integrity sha1-Tz+1OxBuYJf8+ctBCfKl6b36UCI=

uniq@^1.0.0:
  version "1.0.1"
  resolved "https://registry.yarnpkg.com/uniq/-/uniq-1.0.1.tgz#b31c5ae8254844a3a8281541ce2b04b865a734ff"
  integrity sha1-sxxa6CVIRKOoKBVBzisEuGWnNP8=

universalify@^0.1.0:
  version "0.1.1"
  resolved "https://registry.yarnpkg.com/universalify/-/universalify-0.1.1.tgz#fa71badd4437af4c148841e3b3b165f9e9e590b7"
  integrity sha1-+nG63UQ3r0wUiEHjs7Fl+enlkLc=

uuid@^3.0.0:
  version "3.1.0"
  resolved "https://registry.yarnpkg.com/uuid/-/uuid-3.1.0.tgz#3dd3d3e790abc24d7b0d3a034ffababe28ebbc04"
  integrity sha512-DIWtzUkw04M4k3bf1IcpS2tngXEL26YUD2M0tMDUpnUrz2hgzUBlD55a4FjdLGPvfHxS6uluGWvaVEqgBcVa+g==

verror@1.10.0:
  version "1.10.0"
  resolved "https://registry.yarnpkg.com/verror/-/verror-1.10.0.tgz#3a105ca17053af55d6e270c1f8288682e18da400"
  integrity sha1-OhBcoXBTr1XW4nDB+CiGguGNpAA=
  dependencies:
    assert-plus "^1.0.0"
    core-util-is "1.0.2"
    extsprintf "^1.2.0"

vlq@^0.2.1:
  version "0.2.2"
  resolved "https://registry.yarnpkg.com/vlq/-/vlq-0.2.2.tgz#e316d5257b40b86bb43cb8d5fea5d7f54d6b0ca1"
  integrity sha1-4xbVJXtAuGu0PLjV/qXX9U1rDKE=

xregexp@^3.2.0:
  version "3.2.0"
  resolved "https://registry.yarnpkg.com/xregexp/-/xregexp-3.2.0.tgz#cb3601987bfe2695b584000c18f1c4a8c322878e"
  integrity sha1-yzYBmHv+JpW1hAAMGPHEqMMih44=
