# This file was autogenerated by Stack.
# You should not edit this file by hand.
# For more information, please see the documentation at:
#   https://docs.haskellstack.org/en/stable/lock_files

packages:
- completed:
    hackage: beam-migrate-0.4.0.1@sha256:c53948a84972f67e97ba9c56f3dda9abfed556ba2f1672dc3070eb2512791efb,4920
    pantry-tree:
      size: 1720
      sha256: 7ab124f3ac3c74bf5b342d2ef73c9ef3c13ddd7b0804aea340423ceb1baf72a1
  original:
    hackage: beam-migrate-0.4.0.1
- completed:
    hackage: beam-postgres-0.4.0.0@sha256:a01443ce503cfc58cbe28f476252672282347579444b65f2925a12ba6a2c13f5,4173
    pantry-tree:
      size: 1519
      sha256: 43e16080098e8f673005723a0ca208850c88dced527030341f919859a54cde91
  original:
    hackage: beam-postgres-0.4.0.0
- completed:
    hackage: beam-mysql-0.2.0.0@sha256:6c64358de5094463a70e8c71dbc99a38ae937d04a44cee9858e8a0779bb7b8dd,2282
    pantry-tree:
      size: 389
      sha256: ed62694a4bf6afc18ab12dd7227d3aa64a575f387efe3b35fe95b1f3ce71a940
  original:
    hackage: beam-mysql-0.2.0.0
- completed:
    hackage: th-format-0.1.2.0@sha256:fb36ea29191f717ddc15dcbb2e2eb7017e0ff7669a6d25ced00fb9a7ff8f4cdf,1573
    pantry-tree:
      size: 379
      sha256: df8fe4e2a986c38401abf21c6ac13f3defd2042664f2aa8cb2260e0822b70253
  original:
    hackage: th-format-0.1.2.0
- completed:
    hackage: rio-0.1.9.2@sha256:d46a202ae0930b496fd17fd9041d051d45645ab28a2f8d30cf483f50ccb21eb3,3588
    pantry-tree:
      size: 4617
      sha256: c9dbd03053dc698d66549146dbb9e370b29045a48be495b088877bf53da01a29
  original:
    hackage: rio-0.1.9.2
- completed:
    hackage: html-parse-0.2.0.2@sha256:cafa5a9ca1698bf476a2534a3c1e9a64d128a88c2a4ac51c5e350b8d1f3d1978,3783
    pantry-tree:
      size: 516
      sha256: 9708a304435076c762fe6ec39e5991b70f04a9b6455f8334fb7b4f0dab54551c
  original:
    hackage: html-parse-0.2.0.2
snapshots:
- completed:
    size: 498180
    url: https://raw.githubusercontent.com/commercialhaskell/stackage-snapshots/master/lts/13/21.yaml
    sha256: eff2de19a6d4691ccbf6edc1fba858f1918683047dce0f09adede874bbd2a8f3
  original: lts-13.21
