# THIS IS AN AUTOGENERATED FILE. DO NOT EDIT THIS FILE DIRECTLY.
# yarn lockfile v1


big-integer@^1.6.44:
  version "1.6.44"
  resolved "https://registry.yarnpkg.com/big-integer/-/big-integer-1.6.44.tgz#4ee9ae5f5839fc11ade338fea216b4513454a539"
  integrity sha512-7MzElZPTyJ2fNvBkPxtFQ2fWIkVmuzw41+BZHSzpEq3ymB2MfeKp1+yXl/tS75xCx+WnyV+yb0kp+K1C3UNwmQ==
