# THIS IS AN AUTOGENERATED FILE. DO NOT EDIT THIS FILE DIRECTLY.
# yarn lockfile v1


echarts@^4.2.1:
  version "4.2.1"
  resolved "https://registry.yarnpkg.com/echarts/-/echarts-4.2.1.tgz#9a8ea3b03354f86f824d97625c334cf16965ef03"
  integrity sha512-pw4xScRPsLegD/cqEcoXRKeA2SD4+s+Kyo0Na166NamOWhzNl2yI5RZ2rE97tBlAopNmhyMeBVpAeD5qb+ee1A==
  dependencies:
    zrender "4.0.7"

zrender@4.0.7:
  version "4.0.7"
  resolved "https://registry.yarnpkg.com/zrender/-/zrender-4.0.7.tgz#15ae960822f5efed410995d37e5107fe3de10e6d"
  integrity sha512-TNloHe0ums6zxbHfnaCryM61J4IWDajZwNq6dHk9vfWhhysO/OeFvvR0drBs/nbXha2YxSzfQj2FiCd6RVBe+Q==
